
Microsoft Visual Studio Solution File, Format Version 12.00
# Visual Studio Version 17
VisualStudioVersion = 17.4.33213.308
MinimumVisualStudioVersion = 10.0.40219.1
Project("{FAE04EC0-301F-11D3-BF4B-00C04F79EFBC}") = "Strivve.MS.CardsavrProvider.Service.Host", "Strivve.MS.CardsavrProvider\Strivve.MS.CardsavrProvider.Service.Host\Strivve.MS.CardsavrProvider.Service.Host.csproj", "{46580F11-5761-4478-A04B-74C1E3C599AE}"
EndProject
Project("{FAE04EC0-301F-11D3-BF4B-00C04F79EFBC}") = "Strivve.MS.CardsavrProvider.Service", "Strivve.MS.CardsavrProvider\Strivve.MS.CardsavrProvider.Service\Strivve.MS.CardsavrProvider.Service.csproj", "{4A400FB8-7157-4047-A4A1-345C4459577E}"
EndProject
Project("{FAE04EC0-301F-11D3-BF4B-00C04F79EFBC}") = "Strivve.MS.CardsavrProvider.Service.Client", "Strivve.MS.CardsavrProvider\Strivve.MS.CardsavrProvider.Service.Client\Strivve.MS.CardsavrProvider.Service.Client.csproj", "{C3E52E3A-63C5-4118-A0B3-0291A177AF69}"
EndProject
Project("{2150E333-8FDC-42A3-9474-1A3956D46DE8}") = "Data", "Data", "{208D9F6D-64FF-4885-A69B-FE8474F0D2ED}"
EndProject
Project("{FAE04EC0-301F-11D3-BF4B-00C04F79EFBC}") = "Strivve.MS.CardsavrProvider.Data", "Strivve.MS.CardsavrProvider\Strivve.MS.CardsavrProvider.Data\Strivve.MS.CardsavrProvider.Data.csproj", "{CBEBF3C3-D83C-4E16-B81C-B9C2C5B4A2C2}"
EndProject
Project("{FAE04EC0-301F-11D3-BF4B-00C04F79EFBC}") = "Strivve.MS.CardsavrProvider.Contracts", "Strivve.MS.CardsavrProvider\Strivve.MS.CardsavrProvider.Contracts\Strivve.MS.CardsavrProvider.Contracts.csproj", "{AEF4C13B-0F7D-490D-BF5B-49CF96972895}"
EndProject
Project("{FAE04EC0-301F-11D3-BF4B-00C04F79EFBC}") = "Strivve.MS.CardsavrProvider.Data.Validations", "Strivve.MS.CardsavrProvider\Strivve.MS.CardsavrProvider.Data.Validations\Strivve.MS.CardsavrProvider.Data.Validations.csproj", "{3C6041AB-2636-4E38-B7E7-E102FD7104F2}"
EndProject
Project("{2150E333-8FDC-42A3-9474-1A3956D46DE8}") = "Tests", "Tests", "{199D55E6-8D75-4545-809C-8DC60AAB48A1}"
EndProject
Project("{FAE04EC0-301F-11D3-BF4B-00C04F79EFBC}") = "Strivve.MS.CardsavrProvider.Service.Tests", "Strivve.MS.CardsavrProvider\Strivve.MS.CardsavrProvider.Service.Tests\Strivve.MS.CardsavrProvider.Service.Tests.csproj", "{DCCEFB59-7AD8-4388-AA85-C8DEE1AFB1CE}"
EndProject
Global
	GlobalSection(SolutionConfigurationPlatforms) = preSolution
		Debug|Any CPU = Debug|Any CPU
		Release|Any CPU = Release|Any CPU
	EndGlobalSection
	GlobalSection(ProjectConfigurationPlatforms) = postSolution
		{46580F11-5761-4478-A04B-74C1E3C599AE}.Debug|Any CPU.ActiveCfg = Debug|Any CPU
		{46580F11-5761-4478-A04B-74C1E3C599AE}.Debug|Any CPU.Build.0 = Debug|Any CPU
		{46580F11-5761-4478-A04B-74C1E3C599AE}.Release|Any CPU.ActiveCfg = Release|Any CPU
		{46580F11-5761-4478-A04B-74C1E3C599AE}.Release|Any CPU.Build.0 = Release|Any CPU
		{4A400FB8-7157-4047-A4A1-345C4459577E}.Debug|Any CPU.ActiveCfg = Debug|Any CPU
		{4A400FB8-7157-4047-A4A1-345C4459577E}.Debug|Any CPU.Build.0 = Debug|Any CPU
		{4A400FB8-7157-4047-A4A1-345C4459577E}.Release|Any CPU.ActiveCfg = Release|Any CPU
		{4A400FB8-7157-4047-A4A1-345C4459577E}.Release|Any CPU.Build.0 = Release|Any CPU
		{C3E52E3A-63C5-4118-A0B3-0291A177AF69}.Debug|Any CPU.ActiveCfg = Debug|Any CPU
		{C3E52E3A-63C5-4118-A0B3-0291A177AF69}.Debug|Any CPU.Build.0 = Debug|Any CPU
		{C3E52E3A-63C5-4118-A0B3-0291A177AF69}.Release|Any CPU.ActiveCfg = Release|Any CPU
		{C3E52E3A-63C5-4118-A0B3-0291A177AF69}.Release|Any CPU.Build.0 = Release|Any CPU
		{CBEBF3C3-D83C-4E16-B81C-B9C2C5B4A2C2}.Debug|Any CPU.ActiveCfg = Debug|Any CPU
		{CBEBF3C3-D83C-4E16-B81C-B9C2C5B4A2C2}.Debug|Any CPU.Build.0 = Debug|Any CPU
		{CBEBF3C3-D83C-4E16-B81C-B9C2C5B4A2C2}.Release|Any CPU.ActiveCfg = Release|Any CPU
		{CBEBF3C3-D83C-4E16-B81C-B9C2C5B4A2C2}.Release|Any CPU.Build.0 = Release|Any CPU
		{AEF4C13B-0F7D-490D-BF5B-49CF96972895}.Debug|Any CPU.ActiveCfg = Debug|Any CPU
		{AEF4C13B-0F7D-490D-BF5B-49CF96972895}.Debug|Any CPU.Build.0 = Debug|Any CPU
		{AEF4C13B-0F7D-490D-BF5B-49CF96972895}.Release|Any CPU.ActiveCfg = Release|Any CPU
		{AEF4C13B-0F7D-490D-BF5B-49CF96972895}.Release|Any CPU.Build.0 = Release|Any CPU
		{3C6041AB-2636-4E38-B7E7-E102FD7104F2}.Debug|Any CPU.ActiveCfg = Debug|Any CPU
		{3C6041AB-2636-4E38-B7E7-E102FD7104F2}.Debug|Any CPU.Build.0 = Debug|Any CPU
		{3C6041AB-2636-4E38-B7E7-E102FD7104F2}.Release|Any CPU.ActiveCfg = Release|Any CPU
		{3C6041AB-2636-4E38-B7E7-E102FD7104F2}.Release|Any CPU.Build.0 = Release|Any CPU
		{DCCEFB59-7AD8-4388-AA85-C8DEE1AFB1CE}.Debug|Any CPU.ActiveCfg = Debug|Any CPU
		{DCCEFB59-7AD8-4388-AA85-C8DEE1AFB1CE}.Debug|Any CPU.Build.0 = Debug|Any CPU
		{DCCEFB59-7AD8-4388-AA85-C8DEE1AFB1CE}.Release|Any CPU.ActiveCfg = Release|Any CPU
		{DCCEFB59-7AD8-4388-AA85-C8DEE1AFB1CE}.Release|Any CPU.Build.0 = Release|Any CPU
	EndGlobalSection
	GlobalSection(SolutionProperties) = preSolution
		HideSolutionNode = FALSE
	EndGlobalSection
	GlobalSection(NestedProjects) = preSolution
		{CBEBF3C3-D83C-4E16-B81C-B9C2C5B4A2C2} = {208D9F6D-64FF-4885-A69B-FE8474F0D2ED}
		{AEF4C13B-0F7D-490D-BF5B-49CF96972895} = {208D9F6D-64FF-4885-A69B-FE8474F0D2ED}
		{3C6041AB-2636-4E38-B7E7-E102FD7104F2} = {208D9F6D-64FF-4885-A69B-FE8474F0D2ED}
		{DCCEFB59-7AD8-4388-AA85-C8DEE1AFB1CE} = {199D55E6-8D75-4545-809C-8DC60AAB48A1}
	EndGlobalSection
	GlobalSection(ExtensibilityGlobals) = postSolution
		SolutionGuid = {5DECD578-D996-4295-8E18-34C5C8354380}
	EndGlobalSection
EndGlobal
