
Microsoft Visual Studio Solution File, Format Version 12.00
# Visual Studio Version 17
VisualStudioVersion = 17.1.32319.34
MinimumVisualStudioVersion = 10.0.40219.1
Project("{FAE04EC0-301F-11D3-BF4B-00C04F79EFBC}") = "Strivve.Client.Widget.CardUpdatr", "Strivve.Client.Widget.CardUpdatr\Strivve.Client.Widget.CardUpdatr.csproj", "{5DF6E5B2-FB92-443F-92AC-4EAB89A502AB}"
EndProject
Global
	GlobalSection(SolutionConfigurationPlatforms) = preSolution
		Debug|Any CPU = Debug|Any CPU
		Release|Any CPU = Release|Any CPU
	EndGlobalSection
	GlobalSection(ProjectConfigurationPlatforms) = postSolution
		{5DF6E5B2-FB92-443F-92AC-4EAB89A502AB}.Debug|Any CPU.ActiveCfg = Debug|Any CPU
		{5DF6E5B2-FB92-443F-92AC-4EAB89A502AB}.Debug|Any CPU.Build.0 = Debug|Any CPU
		{5DF6E5B2-FB92-443F-92AC-4EAB89A502AB}.Release|Any CPU.ActiveCfg = Release|Any CPU
		{5DF6E5B2-FB92-443F-92AC-4EAB89A502AB}.Release|Any CPU.Build.0 = Release|Any CPU
	EndGlobalSection
	GlobalSection(SolutionProperties) = preSolution
		HideSolutionNode = FALSE
	EndGlobalSection
	GlobalSection(ExtensibilityGlobals) = postSolution
		SolutionGuid = {C4923C72-D23F-450F-B2B1-55D73C3C89FE}
	EndGlobalSection
EndGlobal
